
Microsoft Visual Studio Solution File, Format Version 12.00
# Visual Studio Version 16
VisualStudioVersion = 16.0.30907.101
MinimumVisualStudioVersion = 10.0.40219.1
Project("{FAE04EC0-301F-11D3-BF4B-00C04F79EFBC}") = "KeyCloakWebappSample", "KeyCloakWebappSample\KeyCloakWebappSample.csproj", "{176933A6-73D1-4BAE-9C0C-917C35019616}"
EndProject
Project("{FAE04EC0-301F-11D3-BF4B-00C04F79EFBC}") = "KeyCloakWebapiSample", "KeyCloakWebapiSample\KeyCloakWebapiSample.csproj", "{20B6E543-319B-4F2E-A8F9-832483BB17F3}"
EndProject
Global
	GlobalSection(SolutionConfigurationPlatforms) = preSolution
		Debug|Any CPU = Debug|Any CPU
		Release|Any CPU = Release|Any CPU
	EndGlobalSection
	GlobalSection(ProjectConfigurationPlatforms) = postSolution
		{176933A6-73D1-4BAE-9C0C-917C35019616}.Debug|Any CPU.ActiveCfg = Debug|Any CPU
		{176933A6-73D1-4BAE-9C0C-917C35019616}.Debug|Any CPU.Build.0 = Debug|Any CPU
		{176933A6-73D1-4BAE-9C0C-917C35019616}.Release|Any CPU.ActiveCfg = Release|Any CPU
		{176933A6-73D1-4BAE-9C0C-917C35019616}.Release|Any CPU.Build.0 = Release|Any CPU
		{20B6E543-319B-4F2E-A8F9-832483BB17F3}.Debug|Any CPU.ActiveCfg = Debug|Any CPU
		{20B6E543-319B-4F2E-A8F9-832483BB17F3}.Debug|Any CPU.Build.0 = Debug|Any CPU
		{20B6E543-319B-4F2E-A8F9-832483BB17F3}.Release|Any CPU.ActiveCfg = Release|Any CPU
		{20B6E543-319B-4F2E-A8F9-832483BB17F3}.Release|Any CPU.Build.0 = Release|Any CPU
	EndGlobalSection
	GlobalSection(SolutionProperties) = preSolution
		HideSolutionNode = FALSE
	EndGlobalSection
	GlobalSection(ExtensibilityGlobals) = postSolution
		SolutionGuid = {C21E40CD-50AF-43EA-81E7-9AD2E6D7EA2F}
	EndGlobalSection
EndGlobal
